// !$*UTF8*$!
{
	archiveVersion = 1;
	classes = {
	};
	objectVersion = 55;
	objects = {

/* Begin PBXBuildFile section */
		1846863B27B79FC90088221B /* ViewController2.swift in Sources */ = {isa = PBXBuildFile; fileRef = 1846863A27B79FC90088221B /* ViewController2.swift */; };
		184FF11127F865DF00EE20A6 /* Store.swift in Sources */ = {isa = PBXBuildFile; fileRef = 184FF11027F865DF00EE20A6 /* Store.swift */; };
		18A6E03C27D8F50900707C5F /* FView.swift in Sources */ = {isa = PBXBuildFile; fileRef = 18A6E03B27D8F50900707C5F /* FView.swift */; };
		18B11DBF27B23B1100AAA211 /* AppDelegate.swift in Sources */ = {isa = PBXBuildFile; fileRef = 18B11DBE27B23B1100AAA211 /* AppDelegate.swift */; };
		18B11DC127B23B1100AAA211 /* SceneDelegate.swift in Sources */ = {isa = PBXBuildFile; fileRef = 18B11DC027B23B1100AAA211 /* SceneDelegate.swift */; };
		18B11DC327B23B1100AAA211 /* ViewController.swift in Sources */ = {isa = PBXBuildFile; fileRef = 18B11DC227B23B1100AAA211 /* ViewController.swift */; };
		18B11DC627B23B1100AAA211 /* Main.storyboard in Resources */ = {isa = PBXBuildFile; fileRef = 18B11DC427B23B1100AAA211 /* Main.storyboard */; };
		18B11DC927B23B1100AAA211 /* food_app.xcdatamodeld in Sources */ = {isa = PBXBuildFile; fileRef = 18B11DC727B23B1100AAA211 /* food_app.xcdatamodeld */; };
		18B11DCB27B23B1300AAA211 /* Assets.xcassets in Resources */ = {isa = PBXBuildFile; fileRef = 18B11DCA27B23B1300AAA211 /* Assets.xcassets */; };
		18B11DCE27B23B1300AAA211 /* LaunchScreen.storyboard in Resources */ = {isa = PBXBuildFile; fileRef = 18B11DCC27B23B1300AAA211 /* LaunchScreen.storyboard */; };
		18B11DD927B23B1300AAA211 /* food_appTests.swift in Sources */ = {isa = PBXBuildFile; fileRef = 18B11DD827B23B1300AAA211 /* food_appTests.swift */; };
		18B11DE327B23B1300AAA211 /* food_appUITests.swift in Sources */ = {isa = PBXBuildFile; fileRef = 18B11DE227B23B1300AAA211 /* food_appUITests.swift */; };
		18B11DE527B23B1300AAA211 /* food_appUITestsLaunchTests.swift in Sources */ = {isa = PBXBuildFile; fileRef = 18B11DE427B23B1300AAA211 /* food_appUITestsLaunchTests.swift */; };
		18D4E11927E8C35D00CC69B2 /* ButtonView.swift in Sources */ = {isa = PBXBuildFile; fileRef = 18D4E11827E8C35D00CC69B2 /* ButtonView.swift */; };
		18DC85F227F975B60046AA43 /* Propercollectionviewcell.swift in Sources */ = {isa = PBXBuildFile; fileRef = 18DC85F027F975B60046AA43 /* Propercollectionviewcell.swift */; };
		18DC85F327F975B60046AA43 /* Propercollectionviewcell.xib in Resources */ = {isa = PBXBuildFile; fileRef = 18DC85F127F975B60046AA43 /* Propercollectionviewcell.xib */; };
		18DC85F627F9924C0046AA43 /* Favouritecell.swift in Sources */ = {isa = PBXBuildFile; fileRef = 18DC85F427F9924C0046AA43 /* Favouritecell.swift */; };
		18DC85F727F9924C0046AA43 /* Favouritecell.xib in Resources */ = {isa = PBXBuildFile; fileRef = 18DC85F527F9924C0046AA43 /* Favouritecell.xib */; };
		18DC85F927F992D90046AA43 /* favouriteView.swift in Sources */ = {isa = PBXBuildFile; fileRef = 18DC85F827F992D90046AA43 /* favouriteView.swift */; };
		18F094CF27F86A5A00EF709F /* myCollectionViewCell.swift in Sources */ = {isa = PBXBuildFile; fileRef = 18F094CE27F86A5A00EF709F /* myCollectionViewCell.swift */; };
/* End PBXBuildFile section */

/* Begin PBXContainerItemProxy section */
		18B11DD527B23B1300AAA211 /* PBXContainerItemProxy */ = {
			isa = PBXContainerItemProxy;
			containerPortal = 18B11DB327B23B1100AAA211 /* Project object */;
			proxyType = 1;
			remoteGlobalIDString = 18B11DBA27B23B1100AAA211;
			remoteInfo = "food app";
		};
		18B11DDF27B23B1300AAA211 /* PBXContainerItemProxy */ = {
			isa = PBXContainerItemProxy;
			containerPortal = 18B11DB327B23B1100AAA211 /* Project object */;
			proxyType = 1;
			remoteGlobalIDString = 18B11DBA27B23B1100AAA211;
			remoteInfo = "food app";
		};
/* End PBXContainerItemProxy section */

/* Begin PBXFileReference section */
		1846863A27B79FC90088221B /* ViewController2.swift */ = {isa = PBXFileReference; lastKnownFileType = sourcecode.swift; path = ViewController2.swift; sourceTree = "<group>"; };
		184FF11027F865DF00EE20A6 /* Store.swift */ = {isa = PBXFileReference; lastKnownFileType = sourcecode.swift; path = Store.swift; sourceTree = "<group>"; };
		18A6E03B27D8F50900707C5F /* FView.swift */ = {isa = PBXFileReference; lastKnownFileType = sourcecode.swift; path = FView.swift; sourceTree = "<group>"; };
		18B11DBB27B23B1100AAA211 /* food app.app */ = {isa = PBXFileReference; explicitFileType = wrapper.application; includeInIndex = 0; path = "food app.app"; sourceTree = BUILT_PRODUCTS_DIR; };
		18B11DBE27B23B1100AAA211 /* AppDelegate.swift */ = {isa = PBXFileReference; lastKnownFileType = sourcecode.swift; path = AppDelegate.swift; sourceTree = "<group>"; };
		18B11DC027B23B1100AAA211 /* SceneDelegate.swift */ = {isa = PBXFileReference; lastKnownFileType = sourcecode.swift; path = SceneDelegate.swift; sourceTree = "<group>"; };
		18B11DC227B23B1100AAA211 /* ViewController.swift */ = {isa = PBXFileReference; lastKnownFileType = sourcecode.swift; path = ViewController.swift; sourceTree = "<group>"; };
		18B11DC527B23B1100AAA211 /* Base */ = {isa = PBXFileReference; lastKnownFileType = file.storyboard; name = Base; path = Base.lproj/Main.storyboard; sourceTree = "<group>"; };
		18B11DC827B23B1100AAA211 /* food_app.xcdatamodel */ = {isa = PBXFileReference; lastKnownFileType = wrapper.xcdatamodel; path = food_app.xcdatamodel; sourceTree = "<group>"; };
		18B11DCA27B23B1300AAA211 /* Assets.xcassets */ = {isa = PBXFileReference; lastKnownFileType = folder.assetcatalog; path = Assets.xcassets; sourceTree = "<group>"; };
		18B11DCD27B23B1300AAA211 /* Base */ = {isa = PBXFileReference; lastKnownFileType = file.storyboard; name = Base; path = Base.lproj/LaunchScreen.storyboard; sourceTree = "<group>"; };
		18B11DCF27B23B1300AAA211 /* Info.plist */ = {isa = PBXFileReference; lastKnownFileType = text.plist.xml; path = Info.plist; sourceTree = "<group>"; };
		18B11DD427B23B1300AAA211 /* food appTests.xctest */ = {isa = PBXFileReference; explicitFileType = wrapper.cfbundle; includeInIndex = 0; path = "food appTests.xctest"; sourceTree = BUILT_PRODUCTS_DIR; };
		18B11DD827B23B1300AAA211 /* food_appTests.swift */ = {isa = PBXFileReference; lastKnownFileType = sourcecode.swift; path = food_appTests.swift; sourceTree = "<group>"; };
		18B11DDE27B23B1300AAA211 /* food appUITests.xctest */ = {isa = PBXFileReference; explicitFileType = wrapper.cfbundle; includeInIndex = 0; path = "food appUITests.xctest"; sourceTree = BUILT_PRODUCTS_DIR; };
		18B11DE227B23B1300AAA211 /* food_appUITests.swift */ = {isa = PBXFileReference; lastKnownFileType = sourcecode.swift; path = food_appUITests.swift; sourceTree = "<group>"; };
		18B11DE427B23B1300AAA211 /* food_appUITestsLaunchTests.swift */ = {isa = PBXFileReference; lastKnownFileType = sourcecode.swift; path = food_appUITestsLaunchTests.swift; sourceTree = "<group>"; };
		18D4E11827E8C35D00CC69B2 /* ButtonView.swift */ = {isa = PBXFileReference; lastKnownFileType = sourcecode.swift; path = ButtonView.swift; sourceTree = "<group>"; };
		18DC85F027F975B60046AA43 /* Propercollectionviewcell.swift */ = {isa = PBXFileReference; lastKnownFileType = sourcecode.swift; path = Propercollectionviewcell.swift; sourceTree = "<group>"; };
		18DC85F127F975B60046AA43 /* Propercollectionviewcell.xib */ = {isa = PBXFileReference; lastKnownFileType = file.xib; path = Propercollectionviewcell.xib; sourceTree = "<group>"; };
		18DC85F427F9924C0046AA43 /* Favouritecell.swift */ = {isa = PBXFileReference; lastKnownFileType = sourcecode.swift; path = Favouritecell.swift; sourceTree = "<group>"; };
		18DC85F527F9924C0046AA43 /* Favouritecell.xib */ = {isa = PBXFileReference; lastKnownFileType = file.xib; path = Favouritecell.xib; sourceTree = "<group>"; };
		18DC85F827F992D90046AA43 /* favouriteView.swift */ = {isa = PBXFileReference; lastKnownFileType = sourcecode.swift; path = favouriteView.swift; sourceTree = "<group>"; };
		18F094CE27F86A5A00EF709F /* myCollectionViewCell.swift */ = {isa = PBXFileReference; lastKnownFileType = sourcecode.swift; path = myCollectionViewCell.swift; sourceTree = "<group>"; };
/* End PBXFileReference section */

/* Begin PBXFrameworksBuildPhase section */
		18B11DB827B23B1100AAA211 /* Frameworks */ = {
			isa = PBXFrameworksBuildPhase;
			buildActionMask = 2147483647;
			files = (
			);
			runOnlyForDeploymentPostprocessing = 0;
		};
		18B11DD127B23B1300AAA211 /* Frameworks */ = {
			isa = PBXFrameworksBuildPhase;
			buildActionMask = 2147483647;
			files = (
			);
			runOnlyForDeploymentPostprocessing = 0;
		};
		18B11DDB27B23B1300AAA211 /* Frameworks */ = {
			isa = PBXFrameworksBuildPhase;
			buildActionMask = 2147483647;
			files = (
			);
			runOnlyForDeploymentPostprocessing = 0;
		};
/* End PBXFrameworksBuildPhase section */

/* Begin PBXGroup section */
		18B11DB227B23B1100AAA211 = {
			isa = PBXGroup;
			children = (
				18B11DBD27B23B1100AAA211 /* food app */,
				18B11DD727B23B1300AAA211 /* food appTests */,
				18B11DE127B23B1300AAA211 /* food appUITests */,
				18B11DBC27B23B1100AAA211 /* Products */,
			);
			sourceTree = "<group>";
		};
		18B11DBC27B23B1100AAA211 /* Products */ = {
			isa = PBXGroup;
			children = (
				18B11DBB27B23B1100AAA211 /* food app.app */,
				18B11DD427B23B1300AAA211 /* food appTests.xctest */,
				18B11DDE27B23B1300AAA211 /* food appUITests.xctest */,
			);
			name = Products;
			sourceTree = "<group>";
		};
		18B11DBD27B23B1100AAA211 /* food app */ = {
			isa = PBXGroup;
			children = (
				18B11DBE27B23B1100AAA211 /* AppDelegate.swift */,
				18B11DC027B23B1100AAA211 /* SceneDelegate.swift */,
				18B11DC227B23B1100AAA211 /* ViewController.swift */,
				18B11DC427B23B1100AAA211 /* Main.storyboard */,
				18DC85F827F992D90046AA43 /* favouriteView.swift */,
				18DC85F427F9924C0046AA43 /* Favouritecell.swift */,
				18DC85F527F9924C0046AA43 /* Favouritecell.xib */,
				18F094CE27F86A5A00EF709F /* myCollectionViewCell.swift */,
				18DC85F027F975B60046AA43 /* Propercollectionviewcell.swift */,
				18DC85F127F975B60046AA43 /* Propercollectionviewcell.xib */,
				184FF11027F865DF00EE20A6 /* Store.swift */,
				18D4E11827E8C35D00CC69B2 /* ButtonView.swift */,
				18A6E03B27D8F50900707C5F /* FView.swift */,
				1846863A27B79FC90088221B /* ViewController2.swift */,
				18B11DCA27B23B1300AAA211 /* Assets.xcassets */,
				18B11DCC27B23B1300AAA211 /* LaunchScreen.storyboard */,
				18B11DCF27B23B1300AAA211 /* Info.plist */,
				18B11DC727B23B1100AAA211 /* food_app.xcdatamodeld */,
			);
			path = "food app";
			sourceTree = "<group>";
		};
		18B11DD727B23B1300AAA211 /* food appTests */ = {
			isa = PBXGroup;
			children = (
				18B11DD827B23B1300AAA211 /* food_appTests.swift */,
			);
			path = "food appTests";
			sourceTree = "<group>";
		};
		18B11DE127B23B1300AAA211 /* food appUITests */ = {
			isa = PBXGroup;
			children = (
				18B11DE227B23B1300AAA211 /* food_appUITests.swift */,
				18B11DE427B23B1300AAA211 /* food_appUITestsLaunchTests.swift */,
			);
			path = "food appUITests";
			sourceTree = "<group>";
		};
/* End PBXGroup section */

/* Begin PBXNativeTarget section */
		18B11DBA27B23B1100AAA211 /* food app */ = {
			isa = PBXNativeTarget;
			buildConfigurationList = 18B11DE827B23B1300AAA211 /* Build configuration list for PBXNativeTarget "food app" */;
			buildPhases = (
				18B11DB727B23B1100AAA211 /* Sources */,
				18B11DB827B23B1100AAA211 /* Frameworks */,
				18B11DB927B23B1100AAA211 /* Resources */,
			);
			buildRules = (
			);
			dependencies = (
			);
			name = "food app";
			productName = "food app";
			productReference = 18B11DBB27B23B1100AAA211 /* food app.app */;
			productType = "com.apple.product-type.application";
		};
		18B11DD327B23B1300AAA211 /* food appTests */ = {
			isa = PBXNativeTarget;
			buildConfigurationList = 18B11DEB27B23B1300AAA211 /* Build configuration list for PBXNativeTarget "food appTests" */;
			buildPhases = (
				18B11DD027B23B1300AAA211 /* Sources */,
				18B11DD127B23B1300AAA211 /* Frameworks */,
				18B11DD227B23B1300AAA211 /* Resources */,
			);
			buildRules = (
			);
			dependencies = (
				18B11DD627B23B1300AAA211 /* PBXTargetDependency */,
			);
			name = "food appTests";
			productName = "food appTests";
			productReference = 18B11DD427B23B1300AAA211 /* food appTests.xctest */;
			productType = "com.apple.product-type.bundle.unit-test";
		};
		18B11DDD27B23B1300AAA211 /* food appUITests */ = {
			isa = PBXNativeTarget;
			buildConfigurationList = 18B11DEE27B23B1300AAA211 /* Build configuration list for PBXNativeTarget "food appUITests" */;
			buildPhases = (
				18B11DDA27B23B1300AAA211 /* Sources */,
				18B11DDB27B23B1300AAA211 /* Frameworks */,
				18B11DDC27B23B1300AAA211 /* Resources */,
			);
			buildRules = (
			);
			dependencies = (
				18B11DE027B23B1300AAA211 /* PBXTargetDependency */,
			);
			name = "food appUITests";
			productName = "food appUITests";
			productReference = 18B11DDE27B23B1300AAA211 /* food appUITests.xctest */;
			productType = "com.apple.product-type.bundle.ui-testing";
		};
/* End PBXNativeTarget section */

/* Begin PBXProject section */
		18B11DB327B23B1100AAA211 /* Project object */ = {
			isa = PBXProject;
			attributes = {
				BuildIndependentTargetsInParallel = 1;
				LastSwiftUpdateCheck = 1320;
				LastUpgradeCheck = 1320;
				TargetAttributes = {
					18B11DBA27B23B1100AAA211 = {
						CreatedOnToolsVersion = 13.2.1;
					};
					18B11DD327B23B1300AAA211 = {
						CreatedOnToolsVersion = 13.2.1;
						TestTargetID = 18B11DBA27B23B1100AAA211;
					};
					18B11DDD27B23B1300AAA211 = {
						CreatedOnToolsVersion = 13.2.1;
						TestTargetID = 18B11DBA27B23B1100AAA211;
					};
				};
			};
			buildConfigurationList = 18B11DB627B23B1100AAA211 /* Build configuration list for PBXProject "food app" */;
			compatibilityVersion = "Xcode 13.0";
			developmentRegion = en;
			hasScannedForEncodings = 0;
			knownRegions = (
				en,
				Base,
			);
			mainGroup = 18B11DB227B23B1100AAA211;
			productRefGroup = 18B11DBC27B23B1100AAA211 /* Products */;
			projectDirPath = "";
			projectRoot = "";
			targets = (
				18B11DBA27B23B1100AAA211 /* food app */,
				18B11DD327B23B1300AAA211 /* food appTests */,
				18B11DDD27B23B1300AAA211 /* food appUITests */,
			);
		};
/* End PBXProject section */

/* Begin PBXResourcesBuildPhase section */
		18B11DB927B23B1100AAA211 /* Resources */ = {
			isa = PBXResourcesBuildPhase;
			buildActionMask = 2147483647;
			files = (
				18DC85F727F9924C0046AA43 /* Favouritecell.xib in Resources */,
				18DC85F327F975B60046AA43 /* Propercollectionviewcell.xib in Resources */,
				18B11DCE27B23B1300AAA211 /* LaunchScreen.storyboard in Resources */,
				18B11DCB27B23B1300AAA211 /* Assets.xcassets in Resources */,
				18B11DC627B23B1100AAA211 /* Main.storyboard in Resources */,
			);
			runOnlyForDeploymentPostprocessing = 0;
		};
		18B11DD227B23B1300AAA211 /* Resources */ = {
			isa = PBXResourcesBuildPhase;
			buildActionMask = 2147483647;
			files = (
			);
			runOnlyForDeploymentPostprocessing = 0;
		};
		18B11DDC27B23B1300AAA211 /* Resources */ = {
			isa = PBXResourcesBuildPhase;
			buildActionMask = 2147483647;
			files = (
			);
			runOnlyForDeploymentPostprocessing = 0;
		};
/* End PBXResourcesBuildPhase section */

/* Begin PBXSourcesBuildPhase section */
		18B11DB727B23B1100AAA211 /* Sources */ = {
			isa = PBXSourcesBuildPhase;
			buildActionMask = 2147483647;
			files = (
				1846863B27B79FC90088221B /* ViewController2.swift in Sources */,
				18B11DC327B23B1100AAA211 /* ViewController.swift in Sources */,
				184FF11127F865DF00EE20A6 /* Store.swift in Sources */,
				18B11DC927B23B1100AAA211 /* food_app.xcdatamodeld in Sources */,
				18A6E03C27D8F50900707C5F /* FView.swift in Sources */,
				18B11DBF27B23B1100AAA211 /* AppDelegate.swift in Sources */,
				18DC85F927F992D90046AA43 /* favouriteView.swift in Sources */,
				18F094CF27F86A5A00EF709F /* myCollectionViewCell.swift in Sources */,
				18B11DC127B23B1100AAA211 /* SceneDelegate.swift in Sources */,
				18DC85F227F975B60046AA43 /* Propercollectionviewcell.swift in Sources */,
				18DC85F627F9924C0046AA43 /* Favouritecell.swift in Sources */,
				18D4E11927E8C35D00CC69B2 /* ButtonView.swift in Sources */,
			);
			runOnlyForDeploymentPostprocessing = 0;
		};
		18B11DD027B23B1300AAA211 /* Sources */ = {
			isa = PBXSourcesBuildPhase;
			buildActionMask = 2147483647;
			files = (
				18B11DD927B23B1300AAA211 /* food_appTests.swift in Sources */,
			);
			runOnlyForDeploymentPostprocessing = 0;
		};
		18B11DDA27B23B1300AAA211 /* Sources */ = {
			isa = PBXSourcesBuildPhase;
			buildActionMask = 2147483647;
			files = (
				18B11DE527B23B1300AAA211 /* food_appUITestsLaunchTests.swift in Sources */,
				18B11DE327B23B1300AAA211 /* food_appUITests.swift in Sources */,
			);
			runOnlyForDeploymentPostprocessing = 0;
		};
/* End PBXSourcesBuildPhase section */

/* Begin PBXTargetDependency section */
		18B11DD627B23B1300AAA211 /* PBXTargetDependency */ = {
			isa = PBXTargetDependency;
			target = 18B11DBA27B23B1100AAA211 /* food app */;
			targetProxy = 18B11DD527B23B1300AAA211 /* PBXContainerItemProxy */;
		};
		18B11DE027B23B1300AAA211 /* PBXTargetDependency */ = {
			isa = PBXTargetDependency;
			target = 18B11DBA27B23B1100AAA211 /* food app */;
			targetProxy = 18B11DDF27B23B1300AAA211 /* PBXContainerItemProxy */;
		};
/* End PBXTargetDependency section */

/* Begin PBXVariantGroup section */
		18B11DC427B23B1100AAA211 /* Main.storyboard */ = {
			isa = PBXVariantGroup;
			children = (
				18B11DC527B23B1100AAA211 /* Base */,
			);
			name = Main.storyboard;
			sourceTree = "<group>";
		};
		18B11DCC27B23B1300AAA211 /* LaunchScreen.storyboard */ = {
			isa = PBXVariantGroup;
			children = (
				18B11DCD27B23B1300AAA211 /* Base */,
			);
			name = LaunchScreen.storyboard;
			sourceTree = "<group>";
		};
/* End PBXVariantGroup section */

/* Begin XCBuildConfiguration section */
		18B11DE627B23B1300AAA211 /* Debug */ = {
			isa = XCBuildConfiguration;
			buildSettings = {
				ALWAYS_SEARCH_USER_PATHS = NO;
				CLANG_ANALYZER_NONNULL = YES;
				CLANG_ANALYZER_NUMBER_OBJECT_CONVERSION = YES_AGGRESSIVE;
				CLANG_CXX_LANGUAGE_STANDARD = "gnu++17";
				CLANG_CXX_LIBRARY = "libc++";
				CLANG_ENABLE_MODULES = YES;
				CLANG_ENABLE_OBJC_ARC = YES;
				CLANG_ENABLE_OBJC_WEAK = YES;
				CLANG_WARN_BLOCK_CAPTURE_AUTORELEASING = YES;
				CLANG_WARN_BOOL_CONVERSION = YES;
				CLANG_WARN_COMMA = YES;
				CLANG_WARN_CONSTANT_CONVERSION = YES;
				CLANG_WARN_DEPRECATED_OBJC_IMPLEMENTATIONS = YES;
				CLANG_WARN_DIRECT_OBJC_ISA_USAGE = YES_ERROR;
				CLANG_WARN_DOCUMENTATION_COMMENTS = YES;
				CLANG_WARN_EMPTY_BODY = YES;
				CLANG_WARN_ENUM_CONVERSION = YES;
				CLANG_WARN_INFINITE_RECURSION = YES;
				CLANG_WARN_INT_CONVERSION = YES;
				CLANG_WARN_NON_LITERAL_NULL_CONVERSION = YES;
				CLANG_WARN_OBJC_IMPLICIT_RETAIN_SELF = YES;
				CLANG_WARN_OBJC_LITERAL_CONVERSION = YES;
				CLANG_WARN_OBJC_ROOT_CLASS = YES_ERROR;
				CLANG_WARN_QUOTED_INCLUDE_IN_FRAMEWORK_HEADER = YES;
				CLANG_WARN_RANGE_LOOP_ANALYSIS = YES;
				CLANG_WARN_STRICT_PROTOTYPES = YES;
				CLANG_WARN_SUSPICIOUS_MOVE = YES;
				CLANG_WARN_UNGUARDED_AVAILABILITY = YES_AGGRESSIVE;
				CLANG_WARN_UNREACHABLE_CODE = YES;
				CLANG_WARN__DUPLICATE_METHOD_MATCH = YES;
				COPY_PHASE_STRIP = NO;
				DEBUG_INFORMATION_FORMAT = dwarf;
				ENABLE_STRICT_OBJC_MSGSEND = YES;
				ENABLE_TESTABILITY = YES;
				GCC_C_LANGUAGE_STANDARD = gnu11;
				GCC_DYNAMIC_NO_PIC = NO;
				GCC_NO_COMMON_BLOCKS = YES;
				GCC_OPTIMIZATION_LEVEL = 0;
				GCC_PREPROCESSOR_DEFINITIONS = (
					"DEBUG=1",
					"$(inherited)",
				);
				GCC_WARN_64_TO_32_BIT_CONVERSION = YES;
				GCC_WARN_ABOUT_RETURN_TYPE = YES_ERROR;
				GCC_WARN_UNDECLARED_SELECTOR = YES;
				GCC_WARN_UNINITIALIZED_AUTOS = YES_AGGRESSIVE;
				GCC_WARN_UNUSED_FUNCTION = YES;
				GCC_WARN_UNUSED_VARIABLE = YES;
				IPHONEOS_DEPLOYMENT_TARGET = 15.2;
				MTL_ENABLE_DEBUG_INFO = INCLUDE_SOURCE;
				MTL_FAST_MATH = YES;
				ONLY_ACTIVE_ARCH = YES;
				SDKROOT = iphoneos;
				SWIFT_ACTIVE_COMPILATION_CONDITIONS = DEBUG;
				SWIFT_OPTIMIZATION_LEVEL = "-Onone";
			};
			name = Debug;
		};
		18B11DE727B23B1300AAA211 /* Release */ = {
			isa = XCBuildConfiguration;
			buildSettings = {
				ALWAYS_SEARCH_USER_PATHS = NO;
				CLANG_ANALYZER_NONNULL = YES;
				CLANG_ANALYZER_NUMBER_OBJECT_CONVERSION = YES_AGGRESSIVE;
				CLANG_CXX_LANGUAGE_STANDARD = "gnu++17";
				CLANG_CXX_LIBRARY = "libc++";
				CLANG_ENABLE_MODULES = YES;
				CLANG_ENABLE_OBJC_ARC = YES;
				CLANG_ENABLE_OBJC_WEAK = YES;
				CLANG_WARN_BLOCK_CAPTURE_AUTORELEASING = YES;
				CLANG_WARN_BOOL_CONVERSION = YES;
				CLANG_WARN_COMMA = YES;
				CLANG_WARN_CONSTANT_CONVERSION = YES;
				CLANG_WARN_DEPRECATED_OBJC_IMPLEMENTATIONS = YES;
				CLANG_WARN_DIRECT_OBJC_ISA_USAGE = YES_ERROR;
				CLANG_WARN_DOCUMENTATION_COMMENTS = YES;
				CLANG_WARN_EMPTY_BODY = YES;
				CLANG_WARN_ENUM_CONVERSION = YES;
				CLANG_WARN_INFINITE_RECURSION = YES;
				CLANG_WARN_INT_CONVERSION = YES;
				CLANG_WARN_NON_LITERAL_NULL_CONVERSION = YES;
				CLANG_WARN_OBJC_IMPLICIT_RETAIN_SELF = YES;
				CLANG_WARN_OBJC_LITERAL_CONVERSION = YES;
				CLANG_WARN_OBJC_ROOT_CLASS = YES_ERROR;
				CLANG_WARN_QUOTED_INCLUDE_IN_FRAMEWORK_HEADER = YES;
				CLANG_WARN_RANGE_LOOP_ANALYSIS = YES;
				CLANG_WARN_STRICT_PROTOTYPES = YES;
				CLANG_WARN_SUSPICIOUS_MOVE = YES;
				CLANG_WARN_UNGUARDED_AVAILABILITY = YES_AGGRESSIVE;
				CLANG_WARN_UNREACHABLE_CODE = YES;
				CLANG_WARN__DUPLICATE_METHOD_MATCH = YES;
				COPY_PHASE_STRIP = NO;
				DEBUG_INFORMATION_FORMAT = "dwarf-with-dsym";
				ENABLE_NS_ASSERTIONS = NO;
				ENABLE_STRICT_OBJC_MSGSEND = YES;
				GCC_C_LANGUAGE_STANDARD = gnu11;
				GCC_NO_COMMON_BLOCKS = YES;
				GCC_WARN_64_TO_32_BIT_CONVERSION = YES;
				GCC_WARN_ABOUT_RETURN_TYPE = YES_ERROR;
				GCC_WARN_UNDECLARED_SELECTOR = YES;
				GCC_WARN_UNINITIALIZED_AUTOS = YES_AGGRESSIVE;
				GCC_WARN_UNUSED_FUNCTION = YES;
				GCC_WARN_UNUSED_VARIABLE = YES;
				IPHONEOS_DEPLOYMENT_TARGET = 15.2;
				MTL_ENABLE_DEBUG_INFO = NO;
				MTL_FAST_MATH = YES;
				SDKROOT = iphoneos;
				SWIFT_COMPILATION_MODE = wholemodule;
				SWIFT_OPTIMIZATION_LEVEL = "-O";
				VALIDATE_PRODUCT = YES;
			};
			name = Release;
		};
		18B11DE927B23B1300AAA211 /* Debug */ = {
			isa = XCBuildConfiguration;
			buildSettings = {
				ASSETCATALOG_COMPILER_APPICON_NAME = AppIcon;
				ASSETCATALOG_COMPILER_GLOBAL_ACCENT_COLOR_NAME = AccentColor;
				CODE_SIGN_STYLE = Automatic;
				CURRENT_PROJECT_VERSION = 1;
				DEVELOPMENT_TEAM = 87H2P3AF73;
				GENERATE_INFOPLIST_FILE = YES;
				INFOPLIST_FILE = "food app/Info.plist";
				INFOPLIST_KEY_UIApplicationSupportsIndirectInputEvents = YES;
				INFOPLIST_KEY_UILaunchStoryboardName = LaunchScreen;
				INFOPLIST_KEY_UIMainStoryboardFile = Main;
				INFOPLIST_KEY_UISupportedInterfaceOrientations_iPad = "UIInterfaceOrientationPortrait UIInterfaceOrientationPortraitUpsideDown UIInterfaceOrientationLandscapeLeft UIInterfaceOrientationLandscapeRight";
				INFOPLIST_KEY_UISupportedInterfaceOrientations_iPhone = "UIInterfaceOrientationPortrait UIInterfaceOrientationLandscapeLeft UIInterfaceOrientationLandscapeRight";
				LD_RUNPATH_SEARCH_PATHS = (
					"$(inherited)",
					"@executable_path/Frameworks",
				);
				MARKETING_VERSION = 1.0;
				PRODUCT_BUNDLE_IDENTIFIER = "technagic.food-app";
				PRODUCT_NAME = "$(TARGET_NAME)";
				SWIFT_EMIT_LOC_STRINGS = YES;
				SWIFT_VERSION = 5.0;
				TARGETED_DEVICE_FAMILY = "1,2";
			};
			name = Debug;
		};
		18B11DEA27B23B1300AAA211 /* Release */ = {
			isa = XCBuildConfiguration;
			buildSettings = {
				ASSETCATALOG_COMPILER_APPICON_NAME = AppIcon;
				ASSETCATALOG_COMPILER_GLOBAL_ACCENT_COLOR_NAME = AccentColor;
				CODE_SIGN_STYLE = Automatic;
				CURRENT_PROJECT_VERSION = 1;
				DEVELOPMENT_TEAM = 87H2P3AF73;
				GENERATE_INFOPLIST_FILE = YES;
				INFOPLIST_FILE = "food app/Info.plist";
				INFOPLIST_KEY_UIApplicationSupportsIndirectInputEvents = YES;
				INFOPLIST_KEY_UILaunchStoryboardName = LaunchScreen;
				INFOPLIST_KEY_UIMainStoryboardFile = Main;
				INFOPLIST_KEY_UISupportedInterfaceOrientations_iPad = "UIInterfaceOrientationPortrait UIInterfaceOrientationPortraitUpsideDown UIInterfaceOrientationLandscapeLeft UIInterfaceOrientationLandscapeRight";
				INFOPLIST_KEY_UISupportedInterfaceOrientations_iPhone = "UIInterfaceOrientationPortrait UIInterfaceOrientationLandscapeLeft UIInterfaceOrientationLandscapeRight";
				LD_RUNPATH_SEARCH_PATHS = (
					"$(inherited)",
					"@executable_path/Frameworks",
				);
				MARKETING_VERSION = 1.0;
				PRODUCT_BUNDLE_IDENTIFIER = "technagic.food-app";
				PRODUCT_NAME = "$(TARGET_NAME)";
				SWIFT_EMIT_LOC_STRINGS = YES;
				SWIFT_VERSION = 5.0;
				TARGETED_DEVICE_FAMILY = "1,2";
			};
			name = Release;
		};
		18B11DEC27B23B1300AAA211 /* Debug */ = {
			isa = XCBuildConfiguration;
			buildSettings = {
				ALWAYS_EMBED_SWIFT_STANDARD_LIBRARIES = YES;
				BUNDLE_LOADER = "$(TEST_HOST)";
				CODE_SIGN_STYLE = Automatic;
				CURRENT_PROJECT_VERSION = 1;
				DEVELOPMENT_TEAM = 87H2P3AF73;
				GENERATE_INFOPLIST_FILE = YES;
				IPHONEOS_DEPLOYMENT_TARGET = 15.2;
				MARKETING_VERSION = 1.0;
				PRODUCT_BUNDLE_IDENTIFIER = "technagic.food-appTests";
				PRODUCT_NAME = "$(TARGET_NAME)";
				SWIFT_EMIT_LOC_STRINGS = NO;
				SWIFT_VERSION = 5.0;
				TARGETED_DEVICE_FAMILY = "1,2";
				TEST_HOST = "$(BUILT_PRODUCTS_DIR)/food app.app/food app";
			};
			name = Debug;
		};
		18B11DED27B23B1300AAA211 /* Release */ = {
			isa = XCBuildConfiguration;
			buildSettings = {
				ALWAYS_EMBED_SWIFT_STANDARD_LIBRARIES = YES;
				BUNDLE_LOADER = "$(TEST_HOST)";
				CODE_SIGN_STYLE = Automatic;
				CURRENT_PROJECT_VERSION = 1;
				DEVELOPMENT_TEAM = 87H2P3AF73;
				GENERATE_INFOPLIST_FILE = YES;
				IPHONEOS_DEPLOYMENT_TARGET = 15.2;
				MARKETING_VERSION = 1.0;
				PRODUCT_BUNDLE_IDENTIFIER = "technagic.food-appTests";
				PRODUCT_NAME = "$(TARGET_NAME)";
				SWIFT_EMIT_LOC_STRINGS = NO;
				SWIFT_VERSION = 5.0;
				TARGETED_DEVICE_FAMILY = "1,2";
				TEST_HOST = "$(BUILT_PRODUCTS_DIR)/food app.app/food app";
			};
			name = Release;
		};
		18B11DEF27B23B1300AAA211 /* Debug */ = {
			isa = XCBuildConfiguration;
			buildSettings = {
				ALWAYS_EMBED_SWIFT_STANDARD_LIBRARIES = YES;
				CODE_SIGN_STYLE = Automatic;
				CURRENT_PROJECT_VERSION = 1;
				DEVELOPMENT_TEAM = 87H2P3AF73;
				GENERATE_INFOPLIST_FILE = YES;
				MARKETING_VERSION = 1.0;
				PRODUCT_BUNDLE_IDENTIFIER = "technagic.food-appUITests";
				PRODUCT_NAME = "$(TARGET_NAME)";
				SWIFT_EMIT_LOC_STRINGS = NO;
				SWIFT_VERSION = 5.0;
				TARGETED_DEVICE_FAMILY = "1,2";
				TEST_TARGET_NAME = "food app";
			};
			name = Debug;
		};
		18B11DF027B23B1300AAA211 /* Release */ = {
			isa = XCBuildConfiguration;
			buildSettings = {
				ALWAYS_EMBED_SWIFT_STANDARD_LIBRARIES = YES;
				CODE_SIGN_STYLE = Automatic;
				CURRENT_PROJECT_VERSION = 1;
				DEVELOPMENT_TEAM = 87H2P3AF73;
				GENERATE_INFOPLIST_FILE = YES;
				MARKETING_VERSION = 1.0;
				PRODUCT_BUNDLE_IDENTIFIER = "technagic.food-appUITests";
				PRODUCT_NAME = "$(TARGET_NAME)";
				SWIFT_EMIT_LOC_STRINGS = NO;
				SWIFT_VERSION = 5.0;
				TARGETED_DEVICE_FAMILY = "1,2";
				TEST_TARGET_NAME = "food app";
			};
			name = Release;
		};
/* End XCBuildConfiguration section */

/* Begin XCConfigurationList section */
		18B11DB627B23B1100AAA211 /* Build configuration list for PBXProject "food app" */ = {
			isa = XCConfigurationList;
			buildConfigurations = (
				18B11DE627B23B1300AAA211 /* Debug */,
				18B11DE727B23B1300AAA211 /* Release */,
			);
			defaultConfigurationIsVisible = 0;
			defaultConfigurationName = Release;
		};
		18B11DE827B23B1300AAA211 /* Build configuration list for PBXNativeTarget "food app" */ = {
			isa = XCConfigurationList;
			buildConfigurations = (
				18B11DE927B23B1300AAA211 /* Debug */,
				18B11DEA27B23B1300AAA211 /* Release */,
			);
			defaultConfigurationIsVisible = 0;
			defaultConfigurationName = Release;
		};
		18B11DEB27B23B1300AAA211 /* Build configuration list for PBXNativeTarget "food appTests" */ = {
			isa = XCConfigurationList;
			buildConfigurations = (
				18B11DEC27B23B1300AAA211 /* Debug */,
				18B11DED27B23B1300AAA211 /* Release */,
			);
			defaultConfigurationIsVisible = 0;
			defaultConfigurationName = Release;
		};
		18B11DEE27B23B1300AAA211 /* Build configuration list for PBXNativeTarget "food appUITests" */ = {
			isa = XCConfigurationList;
			buildConfigurations = (
				18B11DEF27B23B1300AAA211 /* Debug */,
				18B11DF027B23B1300AAA211 /* Release */,
			);
			defaultConfigurationIsVisible = 0;
			defaultConfigurationName = Release;
		};
/* End XCConfigurationList section */

/* Begin XCVersionGroup section */
		18B11DC727B23B1100AAA211 /* food_app.xcdatamodeld */ = {
			isa = XCVersionGroup;
			children = (
				18B11DC827B23B1100AAA211 /* food_app.xcdatamodel */,
			);
			currentVersion = 18B11DC827B23B1100AAA211 /* food_app.xcdatamodel */;
			path = food_app.xcdatamodeld;
			sourceTree = "<group>";
			versionGroupType = wrapper.xcdatamodel;
		};
/* End XCVersionGroup section */
	};
	rootObject = 18B11DB327B23B1100AAA211 /* Project object */;
}
